{
    "_readme": [
        "This file locks the dependencies of your project to a known state",
        "Read more about it at https://getcomposer.org/doc/01-basic-usage.md#installing-dependencies",
        "This file is @generated automatically"
    ],
    "content-hash": "6b45fb8fbbdded30105f4d1c9f3d0869",
    "packages": [
        {
            "name": "nhn-edu/php-dooray",
            "version": "1.0.1.3",
            "source": {
                "type": "git",
                "url": "https://github.com/eric-nhnedu/php-dooray.git",
                "reference": "f69eb67499ee0714075691623393f014ca13c828"
            },
            "dist": {
                "type": "zip",
                "url": "https://api.github.com/repos/eric-nhnedu/php-dooray/zipball/f69eb67499ee0714075691623393f014ca13c828",
                "reference": "f69eb67499ee0714075691623393f014ca13c828",
                "shasum": ""
            },
            "require": {
                "ext-curl": "*"
            },
            "type": "library",
            "autoload": {
                "psr-4": {
                    "NhnEdu\\PhpDooray\\": "src/"
                }
            },
            "notification-url": "https://packagist.org/downloads/",
            "license": [
                "Apache-2.0"
            ],
            "authors": [
                {
                    "name": "Eric Jo",
                    "email": "eric@nhnedu.com",
                    "homepage": "http://www.autoset.org",
                    "role": "Developer"
                }
            ],
            "description": "Dooray SDK for PHP - Can easily use APIs provided by Dooray! (https://www.dooray.com) service.",
            "homepage": "https://github.com/eric-nhnedu/php-dooray",
            "keywords": [
                "Messenger",
                "api",
                "dooray",
                "project"
            ],
            "support": {
                "source": "https://github.com/eric-nhnedu/php-dooray/tree/1.0.1.3"
            },
            "time": "2020-02-10T20:00:00+00:00"
        }
    ],
    "packages-dev": [],
    "aliases": [],
    "minimum-stability": "stable",
    "stability-flags": [],
    "prefer-stable": false,
    "prefer-lowest": false,
    "platform": [],
    "platform-dev": [],
    "plugin-api-version": "2.2.0"
}
